
Microsoft Visual Studio Solution File, Format Version 12.00
# Visual Studio Version 17
VisualStudioVersion = 17.13.35931.197
MinimumVisualStudioVersion = 10.0.40219.1
Project("{FAE04EC0-301F-11D3-BF4B-00C04F79EFBC}") = "CVPdfBot.Domain", "WhatsFlow.Domain\CVPdfBot.Domain.csproj", "{813E8C62-E363-4D67-A46F-CEA2F3F38560}"
EndProject
Project("{FAE04EC0-301F-11D3-BF4B-00C04F79EFBC}") = "CVPdfBot.API", "WhatsFlow.API\CVPdfBot.API.csproj", "{6EED3A2D-E7B8-4F0C-A3B6-23EDD7365B9C}"
EndProject
Project("{FAE04EC0-301F-11D3-BF4B-00C04F79EFBC}") = "CVPdfBot.Infra", "WhatsFlow.Infra\CVPdfBot.Infra.csproj", "{92EC03AC-92F1-4E33-97F9-AD2B986B68F9}"
EndProject
Project("{2150E333-8FDC-42A3-9474-1A3956D46DE8}") = "Itens de Solução", "Itens de Solução", "{380A7511-A354-6D7A-0CC0-8FA1F1BA7B6C}"
	ProjectSection(SolutionItems) = preProject
		Readme.md = Readme.md
	EndProjectSection
EndProject
Global
	GlobalSection(SolutionConfigurationPlatforms) = preSolution
		Debug|Any CPU = Debug|Any CPU
		Release|Any CPU = Release|Any CPU
	EndGlobalSection
	GlobalSection(ProjectConfigurationPlatforms) = postSolution
		{813E8C62-E363-4D67-A46F-CEA2F3F38560}.Debug|Any CPU.ActiveCfg = Debug|Any CPU
		{813E8C62-E363-4D67-A46F-CEA2F3F38560}.Debug|Any CPU.Build.0 = Debug|Any CPU
		{813E8C62-E363-4D67-A46F-CEA2F3F38560}.Release|Any CPU.ActiveCfg = Release|Any CPU
		{813E8C62-E363-4D67-A46F-CEA2F3F38560}.Release|Any CPU.Build.0 = Release|Any CPU
		{6EED3A2D-E7B8-4F0C-A3B6-23EDD7365B9C}.Debug|Any CPU.ActiveCfg = Debug|Any CPU
		{6EED3A2D-E7B8-4F0C-A3B6-23EDD7365B9C}.Debug|Any CPU.Build.0 = Debug|Any CPU
		{6EED3A2D-E7B8-4F0C-A3B6-23EDD7365B9C}.Release|Any CPU.ActiveCfg = Release|Any CPU
		{6EED3A2D-E7B8-4F0C-A3B6-23EDD7365B9C}.Release|Any CPU.Build.0 = Release|Any CPU
		{92EC03AC-92F1-4E33-97F9-AD2B986B68F9}.Debug|Any CPU.ActiveCfg = Debug|Any CPU
		{92EC03AC-92F1-4E33-97F9-AD2B986B68F9}.Debug|Any CPU.Build.0 = Debug|Any CPU
		{92EC03AC-92F1-4E33-97F9-AD2B986B68F9}.Release|Any CPU.ActiveCfg = Release|Any CPU
		{92EC03AC-92F1-4E33-97F9-AD2B986B68F9}.Release|Any CPU.Build.0 = Release|Any CPU
	EndGlobalSection
	GlobalSection(SolutionProperties) = preSolution
		HideSolutionNode = FALSE
	EndGlobalSection
	GlobalSection(ExtensibilityGlobals) = postSolution
		SolutionGuid = {09ADE841-C089-48F8-B040-165F08746AF0}
	EndGlobalSection
EndGlobal
